
Microsoft Visual Studio Solution File, Format Version 12.00
# Visual Studio Version 17
VisualStudioVersion = 17.4.33110.190
MinimumVisualStudioVersion = 10.0.40219.1
Project("{8BC9CEB8-8B4A-11D0-8D11-00A0C91BC942}") = "kuaipai", "kuaipai\kuaipai.vcxproj", "{37380353-A763-4ADF-8C79-AAD115EFC3B6}"
EndProject
Global
	GlobalSection(SolutionConfigurationPlatforms) = preSolution
		Debug|x64 = Debug|x64
		Debug|x86 = Debug|x86
		Release|x64 = Release|x64
		Release|x86 = Release|x86
	EndGlobalSection
	GlobalSection(ProjectConfigurationPlatforms) = postSolution
		{37380353-A763-4ADF-8C79-AAD115EFC3B6}.Debug|x64.ActiveCfg = Debug|x64
		{37380353-A763-4ADF-8C79-AAD115EFC3B6}.Debug|x64.Build.0 = Debug|x64
		{37380353-A763-4ADF-8C79-AAD115EFC3B6}.Debug|x86.ActiveCfg = Debug|Win32
		{37380353-A763-4ADF-8C79-AAD115EFC3B6}.Debug|x86.Build.0 = Debug|Win32
		{37380353-A763-4ADF-8C79-AAD115EFC3B6}.Release|x64.ActiveCfg = Release|x64
		{37380353-A763-4ADF-8C79-AAD115EFC3B6}.Release|x64.Build.0 = Release|x64
		{37380353-A763-4ADF-8C79-AAD115EFC3B6}.Release|x86.ActiveCfg = Release|Win32
		{37380353-A763-4ADF-8C79-AAD115EFC3B6}.Release|x86.Build.0 = Release|Win32
	EndGlobalSection
	GlobalSection(SolutionProperties) = preSolution
		HideSolutionNode = FALSE
	EndGlobalSection
	GlobalSection(ExtensibilityGlobals) = postSolution
		SolutionGuid = {67BEA783-1A41-4E64-BB70-3515C31EB7F2}
	EndGlobalSection
EndGlobal
